
Microsoft Visual Studio Solution File, Format Version 12.00
# Visual Studio Version 16
VisualStudioVersion = 16.0.30523.141
MinimumVisualStudioVersion = 10.0.40219.1
Project("{FAE04EC0-301F-11D3-BF4B-00C04F79EFBC}") = "week08", "week08\week08.csproj", "{A47E0148-69C9-42FC-B89E-06F51CF661C4}"
EndProject
Global
	GlobalSection(SolutionConfigurationPlatforms) = preSolution
		Debug|Any CPU = Debug|Any CPU
		Release|Any CPU = Release|Any CPU
	EndGlobalSection
	GlobalSection(ProjectConfigurationPlatforms) = postSolution
		{A47E0148-69C9-42FC-B89E-06F51CF661C4}.Debug|Any CPU.ActiveCfg = Debug|Any CPU
		{A47E0148-69C9-42FC-B89E-06F51CF661C4}.Debug|Any CPU.Build.0 = Debug|Any CPU
		{A47E0148-69C9-42FC-B89E-06F51CF661C4}.Release|Any CPU.ActiveCfg = Release|Any CPU
		{A47E0148-69C9-42FC-B89E-06F51CF661C4}.Release|Any CPU.Build.0 = Release|Any CPU
	EndGlobalSection
	GlobalSection(SolutionProperties) = preSolution
		HideSolutionNode = FALSE
	EndGlobalSection
	GlobalSection(ExtensibilityGlobals) = postSolution
		SolutionGuid = {7C002732-3738-47C7-B4D3-2CA3EC37FFA8}
	EndGlobalSection
EndGlobal
