
Microsoft Visual Studio Solution File, Format Version 12.00
# Visual Studio Version 16
VisualStudioVersion = 16.0.30523.141
MinimumVisualStudioVersion = 10.0.40219.1
Project("{FAE04EC0-301F-11D3-BF4B-00C04F79EFBC}") = "week07", "week07\week07.csproj", "{4FF7BB7F-EA05-45A6-8F1B-BBCA569AD544}"
EndProject
Global
	GlobalSection(SolutionConfigurationPlatforms) = preSolution
		Debug|Any CPU = Debug|Any CPU
		Release|Any CPU = Release|Any CPU
	EndGlobalSection
	GlobalSection(ProjectConfigurationPlatforms) = postSolution
		{4FF7BB7F-EA05-45A6-8F1B-BBCA569AD544}.Debug|Any CPU.ActiveCfg = Debug|Any CPU
		{4FF7BB7F-EA05-45A6-8F1B-BBCA569AD544}.Debug|Any CPU.Build.0 = Debug|Any CPU
		{4FF7BB7F-EA05-45A6-8F1B-BBCA569AD544}.Release|Any CPU.ActiveCfg = Release|Any CPU
		{4FF7BB7F-EA05-45A6-8F1B-BBCA569AD544}.Release|Any CPU.Build.0 = Release|Any CPU
	EndGlobalSection
	GlobalSection(SolutionProperties) = preSolution
		HideSolutionNode = FALSE
	EndGlobalSection
	GlobalSection(ExtensibilityGlobals) = postSolution
		SolutionGuid = {1259F192-B3B4-49B5-A1B5-0FCCF8AC56E8}
	EndGlobalSection
EndGlobal
